
Microsoft Visual Studio Solution File, Format Version 12.00
# Visual Studio Version 17
VisualStudioVersion = 17.14.37027.9 d17.14
MinimumVisualStudioVersion = 10.0.40219.1
Project("{FAE04EC0-301F-11D3-BF4B-00C04F79EFBC}") = "PIS_proba", "PIS_proba\PIS_proba.csproj", "{D43B6CCD-D26C-444E-9A8B-30C6F23F053C}"
EndProject
Global
	GlobalSection(SolutionConfigurationPlatforms) = preSolution
		Debug|Any CPU = Debug|Any CPU
		Release|Any CPU = Release|Any CPU
	EndGlobalSection
	GlobalSection(ProjectConfigurationPlatforms) = postSolution
		{D43B6CCD-D26C-444E-9A8B-30C6F23F053C}.Debug|Any CPU.ActiveCfg = Debug|Any CPU
		{D43B6CCD-D26C-444E-9A8B-30C6F23F053C}.Debug|Any CPU.Build.0 = Debug|Any CPU
		{D43B6CCD-D26C-444E-9A8B-30C6F23F053C}.Release|Any CPU.ActiveCfg = Release|Any CPU
		{D43B6CCD-D26C-444E-9A8B-30C6F23F053C}.Release|Any CPU.Build.0 = Release|Any CPU
	EndGlobalSection
	GlobalSection(SolutionProperties) = preSolution
		HideSolutionNode = FALSE
	EndGlobalSection
	GlobalSection(ExtensibilityGlobals) = postSolution
		SolutionGuid = {77099C47-448A-408A-820B-D555F2206140}
	EndGlobalSection
EndGlobal
